
Microsoft Visual Studio Solution File, Format Version 12.00
# Visual Studio 15
VisualStudioVersion = 15.0.28307.136
MinimumVisualStudioVersion = 10.0.40219.1
Project("{8BC9CEB8-8B4A-11D0-8D11-00A0C91BC942}") = "nearestUpperPowerOfTwo", "nearestUpperPowerOfTwo\nearestUpperPowerOfTwo.vcxproj", "{EA2D32A4-32B9-48A6-AB3D-CB2A9D6497A5}"
EndProject
Project("{8BC9CEB8-8B4A-11D0-8D11-00A0C91BC942}") = "scopeGuard11", "scopeGuard11\scopeGuard11.vcxproj", "{B0D9560E-A94E-4F1D-B646-3B68F13B8F05}"
EndProject
Project("{8BC9CEB8-8B4A-11D0-8D11-00A0C91BC942}") = "staticTranslateTable", "staticTranslateTable\staticTranslateTable.vcxproj", "{185ED0CE-2D7B-4107-B2BF-7527028B032B}"
EndProject
Project("{8BC9CEB8-8B4A-11D0-8D11-00A0C91BC942}") = "overriddenMethodCall", "overriddenMethodCall\overriddenMethodCall.vcxproj", "{2C792078-2E7E-4F5C-9F0B-A0E469D93C93}"
EndProject
Project("{8BC9CEB8-8B4A-11D0-8D11-00A0C91BC942}") = "selfDelete", "selfDelete\selfDelete.vcxproj", "{9A1B81B2-8784-4D0E-BA75-41435390CC4C}"
EndProject
Global
	GlobalSection(SolutionConfigurationPlatforms) = preSolution
		Debug|x64 = Debug|x64
		Debug|x86 = Debug|x86
		Release|x64 = Release|x64
		Release|x86 = Release|x86
	EndGlobalSection
	GlobalSection(ProjectConfigurationPlatforms) = postSolution
		{EA2D32A4-32B9-48A6-AB3D-CB2A9D6497A5}.Debug|x64.ActiveCfg = Debug|x64
		{EA2D32A4-32B9-48A6-AB3D-CB2A9D6497A5}.Debug|x64.Build.0 = Debug|x64
		{EA2D32A4-32B9-48A6-AB3D-CB2A9D6497A5}.Debug|x86.ActiveCfg = Debug|Win32
		{EA2D32A4-32B9-48A6-AB3D-CB2A9D6497A5}.Debug|x86.Build.0 = Debug|Win32
		{EA2D32A4-32B9-48A6-AB3D-CB2A9D6497A5}.Release|x64.ActiveCfg = Release|x64
		{EA2D32A4-32B9-48A6-AB3D-CB2A9D6497A5}.Release|x64.Build.0 = Release|x64
		{EA2D32A4-32B9-48A6-AB3D-CB2A9D6497A5}.Release|x86.ActiveCfg = Release|Win32
		{EA2D32A4-32B9-48A6-AB3D-CB2A9D6497A5}.Release|x86.Build.0 = Release|Win32
		{B0D9560E-A94E-4F1D-B646-3B68F13B8F05}.Debug|x64.ActiveCfg = Debug|x64
		{B0D9560E-A94E-4F1D-B646-3B68F13B8F05}.Debug|x64.Build.0 = Debug|x64
		{B0D9560E-A94E-4F1D-B646-3B68F13B8F05}.Debug|x86.ActiveCfg = Debug|Win32
		{B0D9560E-A94E-4F1D-B646-3B68F13B8F05}.Debug|x86.Build.0 = Debug|Win32
		{B0D9560E-A94E-4F1D-B646-3B68F13B8F05}.Release|x64.ActiveCfg = Release|x64
		{B0D9560E-A94E-4F1D-B646-3B68F13B8F05}.Release|x64.Build.0 = Release|x64
		{B0D9560E-A94E-4F1D-B646-3B68F13B8F05}.Release|x86.ActiveCfg = Release|Win32
		{B0D9560E-A94E-4F1D-B646-3B68F13B8F05}.Release|x86.Build.0 = Release|Win32
		{185ED0CE-2D7B-4107-B2BF-7527028B032B}.Debug|x64.ActiveCfg = Debug|x64
		{185ED0CE-2D7B-4107-B2BF-7527028B032B}.Debug|x64.Build.0 = Debug|x64
		{185ED0CE-2D7B-4107-B2BF-7527028B032B}.Debug|x86.ActiveCfg = Debug|Win32
		{185ED0CE-2D7B-4107-B2BF-7527028B032B}.Debug|x86.Build.0 = Debug|Win32
		{185ED0CE-2D7B-4107-B2BF-7527028B032B}.Release|x64.ActiveCfg = Release|x64
		{185ED0CE-2D7B-4107-B2BF-7527028B032B}.Release|x64.Build.0 = Release|x64
		{185ED0CE-2D7B-4107-B2BF-7527028B032B}.Release|x86.ActiveCfg = Release|Win32
		{185ED0CE-2D7B-4107-B2BF-7527028B032B}.Release|x86.Build.0 = Release|Win32
		{2C792078-2E7E-4F5C-9F0B-A0E469D93C93}.Debug|x64.ActiveCfg = Debug|x64
		{2C792078-2E7E-4F5C-9F0B-A0E469D93C93}.Debug|x64.Build.0 = Debug|x64
		{2C792078-2E7E-4F5C-9F0B-A0E469D93C93}.Debug|x86.ActiveCfg = Debug|Win32
		{2C792078-2E7E-4F5C-9F0B-A0E469D93C93}.Debug|x86.Build.0 = Debug|Win32
		{2C792078-2E7E-4F5C-9F0B-A0E469D93C93}.Release|x64.ActiveCfg = Release|x64
		{2C792078-2E7E-4F5C-9F0B-A0E469D93C93}.Release|x64.Build.0 = Release|x64
		{2C792078-2E7E-4F5C-9F0B-A0E469D93C93}.Release|x86.ActiveCfg = Release|Win32
		{2C792078-2E7E-4F5C-9F0B-A0E469D93C93}.Release|x86.Build.0 = Release|Win32
		{9A1B81B2-8784-4D0E-BA75-41435390CC4C}.Debug|x64.ActiveCfg = Debug|x64
		{9A1B81B2-8784-4D0E-BA75-41435390CC4C}.Debug|x64.Build.0 = Debug|x64
		{9A1B81B2-8784-4D0E-BA75-41435390CC4C}.Debug|x86.ActiveCfg = Debug|Win32
		{9A1B81B2-8784-4D0E-BA75-41435390CC4C}.Debug|x86.Build.0 = Debug|Win32
		{9A1B81B2-8784-4D0E-BA75-41435390CC4C}.Release|x64.ActiveCfg = Release|x64
		{9A1B81B2-8784-4D0E-BA75-41435390CC4C}.Release|x64.Build.0 = Release|x64
		{9A1B81B2-8784-4D0E-BA75-41435390CC4C}.Release|x86.ActiveCfg = Release|Win32
		{9A1B81B2-8784-4D0E-BA75-41435390CC4C}.Release|x86.Build.0 = Release|Win32
	EndGlobalSection
	GlobalSection(SolutionProperties) = preSolution
		HideSolutionNode = FALSE
	EndGlobalSection
	GlobalSection(ExtensibilityGlobals) = postSolution
		SolutionGuid = {ADF41D16-9360-4C32-B4D0-A5B3805546FB}
	EndGlobalSection
EndGlobal
